
Microsoft Visual Studio Solution File, Format Version 12.00
# Visual Studio Version 17
VisualStudioVersion = 17.3.32929.385
MinimumVisualStudioVersion = 10.0.40219.1
Project("{FAE04EC0-301F-11D3-BF4B-00C04F79EFBC}") = "Task_1", "Task_1\Task_1.csproj", "{24866A51-223F-4643-9CC5-C4AB29BFC950}"
EndProject
Global
	GlobalSection(SolutionConfigurationPlatforms) = preSolution
		Debug|Any CPU = Debug|Any CPU
		Release|Any CPU = Release|Any CPU
	EndGlobalSection
	GlobalSection(ProjectConfigurationPlatforms) = postSolution
		{24866A51-223F-4643-9CC5-C4AB29BFC950}.Debug|Any CPU.ActiveCfg = Debug|Any CPU
		{24866A51-223F-4643-9CC5-C4AB29BFC950}.Debug|Any CPU.Build.0 = Debug|Any CPU
		{24866A51-223F-4643-9CC5-C4AB29BFC950}.Release|Any CPU.ActiveCfg = Release|Any CPU
		{24866A51-223F-4643-9CC5-C4AB29BFC950}.Release|Any CPU.Build.0 = Release|Any CPU
	EndGlobalSection
	GlobalSection(SolutionProperties) = preSolution
		HideSolutionNode = FALSE
	EndGlobalSection
	GlobalSection(ExtensibilityGlobals) = postSolution
		SolutionGuid = {A247618C-3C59-4371-91D2-29979696B498}
	EndGlobalSection
EndGlobal
